
Microsoft Visual Studio Solution File, Format Version 12.00
# Visual Studio Version 17
VisualStudioVersion = 17.9.34622.214
MinimumVisualStudioVersion = 10.0.40219.1
Project("{FAE04EC0-301F-11D3-BF4B-00C04F79EFBC}") = "WebApplicationTP2", "WebApplicationTP2.csproj", "{D2866DD3-782A-42EC-AF44-C795D938871C}"
EndProject
Global
	GlobalSection(SolutionConfigurationPlatforms) = preSolution
		Debug|Any CPU = Debug|Any CPU
		Release|Any CPU = Release|Any CPU
	EndGlobalSection
	GlobalSection(ProjectConfigurationPlatforms) = postSolution
		{D2866DD3-782A-42EC-AF44-C795D938871C}.Debug|Any CPU.ActiveCfg = Debug|Any CPU
		{D2866DD3-782A-42EC-AF44-C795D938871C}.Debug|Any CPU.Build.0 = Debug|Any CPU
		{D2866DD3-782A-42EC-AF44-C795D938871C}.Release|Any CPU.ActiveCfg = Release|Any CPU
		{D2866DD3-782A-42EC-AF44-C795D938871C}.Release|Any CPU.Build.0 = Release|Any CPU
	EndGlobalSection
	GlobalSection(SolutionProperties) = preSolution
		HideSolutionNode = FALSE
	EndGlobalSection
	GlobalSection(ExtensibilityGlobals) = postSolution
		SolutionGuid = {799F6FDC-3007-49CE-91FA-71DCAC63484D}
	EndGlobalSection
EndGlobal
